// !$*UTF8*$!
{
	archiveVersion = 1;
	classes = {
	};
	objectVersion = 56;
	objects = {

/* Begin PBXBuildFile section */
		FC6D6ACD2902E2D900F26FEB /* AppDelegate.swift in Sources */ = {isa = PBXBuildFile; fileRef = FC6D6ACC2902E2D900F26FEB /* AppDelegate.swift */; };
		FC6D6ACF2902E2D900F26FEB /* SceneDelegate.swift in Sources */ = {isa = PBXBuildFile; fileRef = FC6D6ACE2902E2D900F26FEB /* SceneDelegate.swift */; };
		FC6D6AD12902E2D900F26FEB /* ViewController.swift in Sources */ = {isa = PBXBuildFile; fileRef = FC6D6AD02902E2D900F26FEB /* ViewController.swift */; };
		FC6D6AD42902E2D900F26FEB /* Main.storyboard in Resources */ = {isa = PBXBuildFile; fileRef = FC6D6AD22902E2D900F26FEB /* Main.storyboard */; };
		FC6D6AD72902E2DA00F26FEB /* Food_App.xcdatamodeld in Sources */ = {isa = PBXBuildFile; fileRef = FC6D6AD52902E2D900F26FEB /* Food_App.xcdatamodeld */; };
		FC6D6AD92902E2E300F26FEB /* Assets.xcassets in Resources */ = {isa = PBXBuildFile; fileRef = FC6D6AD82902E2E300F26FEB /* Assets.xcassets */; };
		FC6D6ADC2902E2E300F26FEB /* LaunchScreen.storyboard in Resources */ = {isa = PBXBuildFile; fileRef = FC6D6ADA2902E2E300F26FEB /* LaunchScreen.storyboard */; };
		FC6D6AE72902E2E400F26FEB /* Food_AppTests.swift in Sources */ = {isa = PBXBuildFile; fileRef = FC6D6AE62902E2E400F26FEB /* Food_AppTests.swift */; };
		FC6D6AF12902E2E400F26FEB /* Food_AppUITests.swift in Sources */ = {isa = PBXBuildFile; fileRef = FC6D6AF02902E2E400F26FEB /* Food_AppUITests.swift */; };
		FC6D6AF32902E2E400F26FEB /* Food_AppUITestsLaunchTests.swift in Sources */ = {isa = PBXBuildFile; fileRef = FC6D6AF22902E2E400F26FEB /* Food_AppUITestsLaunchTests.swift */; };
/* End PBXBuildFile section */

/* Begin PBXContainerItemProxy section */
		FC6D6AE32902E2E400F26FEB /* PBXContainerItemProxy */ = {
			isa = PBXContainerItemProxy;
			containerPortal = FC6D6AC12902E2D900F26FEB /* Project object */;
			proxyType = 1;
			remoteGlobalIDString = FC6D6AC82902E2D900F26FEB;
			remoteInfo = "Food App";
		};
		FC6D6AED2902E2E400F26FEB /* PBXContainerItemProxy */ = {
			isa = PBXContainerItemProxy;
			containerPortal = FC6D6AC12902E2D900F26FEB /* Project object */;
			proxyType = 1;
			remoteGlobalIDString = FC6D6AC82902E2D900F26FEB;
			remoteInfo = "Food App";
		};
/* End PBXContainerItemProxy section */

/* Begin PBXFileReference section */
		FC6D6AC92902E2D900F26FEB /* Food App.app */ = {isa = PBXFileReference; explicitFileType = wrapper.application; includeInIndex = 0; path = "Food App.app"; sourceTree = BUILT_PRODUCTS_DIR; };
		FC6D6ACC2902E2D900F26FEB /* AppDelegate.swift */ = {isa = PBXFileReference; lastKnownFileType = sourcecode.swift; path = AppDelegate.swift; sourceTree = "<group>"; };
		FC6D6ACE2902E2D900F26FEB /* SceneDelegate.swift */ = {isa = PBXFileReference; lastKnownFileType = sourcecode.swift; path = SceneDelegate.swift; sourceTree = "<group>"; };
		FC6D6AD02902E2D900F26FEB /* ViewController.swift */ = {isa = PBXFileReference; lastKnownFileType = sourcecode.swift; path = ViewController.swift; sourceTree = "<group>"; };
		FC6D6AD32902E2D900F26FEB /* Base */ = {isa = PBXFileReference; lastKnownFileType = file.storyboard; name = Base; path = Base.lproj/Main.storyboard; sourceTree = "<group>"; };
		FC6D6AD62902E2D900F26FEB /* Food_App.xcdatamodel */ = {isa = PBXFileReference; lastKnownFileType = wrapper.xcdatamodel; path = Food_App.xcdatamodel; sourceTree = "<group>"; };
		FC6D6AD82902E2E300F26FEB /* Assets.xcassets */ = {isa = PBXFileReference; lastKnownFileType = folder.assetcatalog; path = Assets.xcassets; sourceTree = "<group>"; };
		FC6D6ADB2902E2E300F26FEB /* Base */ = {isa = PBXFileReference; lastKnownFileType = file.storyboard; name = Base; path = Base.lproj/LaunchScreen.storyboard; sourceTree = "<group>"; };
		FC6D6ADD2902E2E300F26FEB /* Info.plist */ = {isa = PBXFileReference; lastKnownFileType = text.plist.xml; path = Info.plist; sourceTree = "<group>"; };
		FC6D6AE22902E2E400F26FEB /* Food AppTests.xctest */ = {isa = PBXFileReference; explicitFileType = wrapper.cfbundle; includeInIndex = 0; path = "Food AppTests.xctest"; sourceTree = BUILT_PRODUCTS_DIR; };
		FC6D6AE62902E2E400F26FEB /* Food_AppTests.swift */ = {isa = PBXFileReference; lastKnownFileType = sourcecode.swift; path = Food_AppTests.swift; sourceTree = "<group>"; };
		FC6D6AEC2902E2E400F26FEB /* Food AppUITests.xctest */ = {isa = PBXFileReference; explicitFileType = wrapper.cfbundle; includeInIndex = 0; path = "Food AppUITests.xctest"; sourceTree = BUILT_PRODUCTS_DIR; };
		FC6D6AF02902E2E400F26FEB /* Food_AppUITests.swift */ = {isa = PBXFileReference; lastKnownFileType = sourcecode.swift; path = Food_AppUITests.swift; sourceTree = "<group>"; };
		FC6D6AF22902E2E400F26FEB /* Food_AppUITestsLaunchTests.swift */ = {isa = PBXFileReference; lastKnownFileType = sourcecode.swift; path = Food_AppUITestsLaunchTests.swift; sourceTree = "<group>"; };
/* End PBXFileReference section */

/* Begin PBXFrameworksBuildPhase section */
		FC6D6AC62902E2D900F26FEB /* Frameworks */ = {
			isa = PBXFrameworksBuildPhase;
			buildActionMask = 2147483647;
			files = (
			);
			runOnlyForDeploymentPostprocessing = 0;
		};
		FC6D6ADF2902E2E400F26FEB /* Frameworks */ = {
			isa = PBXFrameworksBuildPhase;
			buildActionMask = 2147483647;
			files = (
			);
			runOnlyForDeploymentPostprocessing = 0;
		};
		FC6D6AE92902E2E400F26FEB /* Frameworks */ = {
			isa = PBXFrameworksBuildPhase;
			buildActionMask = 2147483647;
			files = (
			);
			runOnlyForDeploymentPostprocessing = 0;
		};
/* End PBXFrameworksBuildPhase section */

/* Begin PBXGroup section */
		FC6D6AC02902E2D900F26FEB = {
			isa = PBXGroup;
			children = (
				FC6D6ACB2902E2D900F26FEB /* Food App */,
				FC6D6AE52902E2E400F26FEB /* Food AppTests */,
				FC6D6AEF2902E2E400F26FEB /* Food AppUITests */,
				FC6D6ACA2902E2D900F26FEB /* Products */,
			);
			sourceTree = "<group>";
		};
		FC6D6ACA2902E2D900F26FEB /* Products */ = {
			isa = PBXGroup;
			children = (
				FC6D6AC92902E2D900F26FEB /* Food App.app */,
				FC6D6AE22902E2E400F26FEB /* Food AppTests.xctest */,
				FC6D6AEC2902E2E400F26FEB /* Food AppUITests.xctest */,
			);
			name = Products;
			sourceTree = "<group>";
		};
		FC6D6ACB2902E2D900F26FEB /* Food App */ = {
			isa = PBXGroup;
			children = (
				FC6D6ACC2902E2D900F26FEB /* AppDelegate.swift */,
				FC6D6ACE2902E2D900F26FEB /* SceneDelegate.swift */,
				FC6D6AD02902E2D900F26FEB /* ViewController.swift */,
				FC6D6AD22902E2D900F26FEB /* Main.storyboard */,
				FC6D6AD82902E2E300F26FEB /* Assets.xcassets */,
				FC6D6ADA2902E2E300F26FEB /* LaunchScreen.storyboard */,
				FC6D6ADD2902E2E300F26FEB /* Info.plist */,
				FC6D6AD52902E2D900F26FEB /* Food_App.xcdatamodeld */,
			);
			path = "Food App";
			sourceTree = "<group>";
		};
		FC6D6AE52902E2E400F26FEB /* Food AppTests */ = {
			isa = PBXGroup;
			children = (
				FC6D6AE62902E2E400F26FEB /* Food_AppTests.swift */,
			);
			path = "Food AppTests";
			sourceTree = "<group>";
		};
		FC6D6AEF2902E2E400F26FEB /* Food AppUITests */ = {
			isa = PBXGroup;
			children = (
				FC6D6AF02902E2E400F26FEB /* Food_AppUITests.swift */,
				FC6D6AF22902E2E400F26FEB /* Food_AppUITestsLaunchTests.swift */,
			);
			path = "Food AppUITests";
			sourceTree = "<group>";
		};
/* End PBXGroup section */

/* Begin PBXNativeTarget section */
		FC6D6AC82902E2D900F26FEB /* Food App */ = {
			isa = PBXNativeTarget;
			buildConfigurationList = FC6D6AF62902E2E400F26FEB /* Build configuration list for PBXNativeTarget "Food App" */;
			buildPhases = (
				FC6D6AC52902E2D900F26FEB /* Sources */,
				FC6D6AC62902E2D900F26FEB /* Frameworks */,
				FC6D6AC72902E2D900F26FEB /* Resources */,
			);
			buildRules = (
			);
			dependencies = (
			);
			name = "Food App";
			productName = "Food App";
			productReference = FC6D6AC92902E2D900F26FEB /* Food App.app */;
			productType = "com.apple.product-type.application";
		};
		FC6D6AE12902E2E400F26FEB /* Food AppTests */ = {
			isa = PBXNativeTarget;
			buildConfigurationList = FC6D6AF92902E2E400F26FEB /* Build configuration list for PBXNativeTarget "Food AppTests" */;
			buildPhases = (
				FC6D6ADE2902E2E400F26FEB /* Sources */,
				FC6D6ADF2902E2E400F26FEB /* Frameworks */,
				FC6D6AE02902E2E400F26FEB /* Resources */,
			);
			buildRules = (
			);
			dependencies = (
				FC6D6AE42902E2E400F26FEB /* PBXTargetDependency */,
			);
			name = "Food AppTests";
			productName = "Food AppTests";
			productReference = FC6D6AE22902E2E400F26FEB /* Food AppTests.xctest */;
			productType = "com.apple.product-type.bundle.unit-test";
		};
		FC6D6AEB2902E2E400F26FEB /* Food AppUITests */ = {
			isa = PBXNativeTarget;
			buildConfigurationList = FC6D6AFC2902E2E400F26FEB /* Build configuration list for PBXNativeTarget "Food AppUITests" */;
			buildPhases = (
				FC6D6AE82902E2E400F26FEB /* Sources */,
				FC6D6AE92902E2E400F26FEB /* Frameworks */,
				FC6D6AEA2902E2E400F26FEB /* Resources */,
			);
			buildRules = (
			);
			dependencies = (
				FC6D6AEE2902E2E400F26FEB /* PBXTargetDependency */,
			);
			name = "Food AppUITests";
			productName = "Food AppUITests";
			productReference = FC6D6AEC2902E2E400F26FEB /* Food AppUITests.xctest */;
			productType = "com.apple.product-type.bundle.ui-testing";
		};
/* End PBXNativeTarget section */

/* Begin PBXProject section */
		FC6D6AC12902E2D900F26FEB /* Project object */ = {
			isa = PBXProject;
			attributes = {
				BuildIndependentTargetsInParallel = 1;
				LastSwiftUpdateCheck = 1400;
				LastUpgradeCheck = 1400;
				TargetAttributes = {
					FC6D6AC82902E2D900F26FEB = {
						CreatedOnToolsVersion = 14.0;
					};
					FC6D6AE12902E2E400F26FEB = {
						CreatedOnToolsVersion = 14.0;
						TestTargetID = FC6D6AC82902E2D900F26FEB;
					};
					FC6D6AEB2902E2E400F26FEB = {
						CreatedOnToolsVersion = 14.0;
						TestTargetID = FC6D6AC82902E2D900F26FEB;
					};
				};
			};
			buildConfigurationList = FC6D6AC42902E2D900F26FEB /* Build configuration list for PBXProject "Food App" */;
			compatibilityVersion = "Xcode 14.0";
			developmentRegion = en;
			hasScannedForEncodings = 0;
			knownRegions = (
				en,
				Base,
			);
			mainGroup = FC6D6AC02902E2D900F26FEB;
			productRefGroup = FC6D6ACA2902E2D900F26FEB /* Products */;
			projectDirPath = "";
			projectRoot = "";
			targets = (
				FC6D6AC82902E2D900F26FEB /* Food App */,
				FC6D6AE12902E2E400F26FEB /* Food AppTests */,
				FC6D6AEB2902E2E400F26FEB /* Food AppUITests */,
			);
		};
/* End PBXProject section */

/* Begin PBXResourcesBuildPhase section */
		FC6D6AC72902E2D900F26FEB /* Resources */ = {
			isa = PBXResourcesBuildPhase;
			buildActionMask = 2147483647;
			files = (
				FC6D6ADC2902E2E300F26FEB /* LaunchScreen.storyboard in Resources */,
				FC6D6AD92902E2E300F26FEB /* Assets.xcassets in Resources */,
				FC6D6AD42902E2D900F26FEB /* Main.storyboard in Resources */,
			);
			runOnlyForDeploymentPostprocessing = 0;
		};
		FC6D6AE02902E2E400F26FEB /* Resources */ = {
			isa = PBXResourcesBuildPhase;
			buildActionMask = 2147483647;
			files = (
			);
			runOnlyForDeploymentPostprocessing = 0;
		};
		FC6D6AEA2902E2E400F26FEB /* Resources */ = {
			isa = PBXResourcesBuildPhase;
			buildActionMask = 2147483647;
			files = (
			);
			runOnlyForDeploymentPostprocessing = 0;
		};
/* End PBXResourcesBuildPhase section */

/* Begin PBXSourcesBuildPhase section */
		FC6D6AC52902E2D900F26FEB /* Sources */ = {
			isa = PBXSourcesBuildPhase;
			buildActionMask = 2147483647;
			files = (
				FC6D6AD12902E2D900F26FEB /* ViewController.swift in Sources */,
				FC6D6AD72902E2DA00F26FEB /* Food_App.xcdatamodeld in Sources */,
				FC6D6ACD2902E2D900F26FEB /* AppDelegate.swift in Sources */,
				FC6D6ACF2902E2D900F26FEB /* SceneDelegate.swift in Sources */,
			);
			runOnlyForDeploymentPostprocessing = 0;
		};
		FC6D6ADE2902E2E400F26FEB /* Sources */ = {
			isa = PBXSourcesBuildPhase;
			buildActionMask = 2147483647;
			files = (
				FC6D6AE72902E2E400F26FEB /* Food_AppTests.swift in Sources */,
			);
			runOnlyForDeploymentPostprocessing = 0;
		};
		FC6D6AE82902E2E400F26FEB /* Sources */ = {
			isa = PBXSourcesBuildPhase;
			buildActionMask = 2147483647;
			files = (
				FC6D6AF32902E2E400F26FEB /* Food_AppUITestsLaunchTests.swift in Sources */,
				FC6D6AF12902E2E400F26FEB /* Food_AppUITests.swift in Sources */,
			);
			runOnlyForDeploymentPostprocessing = 0;
		};
/* End PBXSourcesBuildPhase section */

/* Begin PBXTargetDependency section */
		FC6D6AE42902E2E400F26FEB /* PBXTargetDependency */ = {
			isa = PBXTargetDependency;
			target = FC6D6AC82902E2D900F26FEB /* Food App */;
			targetProxy = FC6D6AE32902E2E400F26FEB /* PBXContainerItemProxy */;
		};
		FC6D6AEE2902E2E400F26FEB /* PBXTargetDependency */ = {
			isa = PBXTargetDependency;
			target = FC6D6AC82902E2D900F26FEB /* Food App */;
			targetProxy = FC6D6AED2902E2E400F26FEB /* PBXContainerItemProxy */;
		};
/* End PBXTargetDependency section */

/* Begin PBXVariantGroup section */
		FC6D6AD22902E2D900F26FEB /* Main.storyboard */ = {
			isa = PBXVariantGroup;
			children = (
				FC6D6AD32902E2D900F26FEB /* Base */,
			);
			name = Main.storyboard;
			sourceTree = "<group>";
		};
		FC6D6ADA2902E2E300F26FEB /* LaunchScreen.storyboard */ = {
			isa = PBXVariantGroup;
			children = (
				FC6D6ADB2902E2E300F26FEB /* Base */,
			);
			name = LaunchScreen.storyboard;
			sourceTree = "<group>";
		};
/* End PBXVariantGroup section */

/* Begin XCBuildConfiguration section */
		FC6D6AF42902E2E400F26FEB /* Debug */ = {
			isa = XCBuildConfiguration;
			buildSettings = {
				ALWAYS_SEARCH_USER_PATHS = NO;
				CLANG_ANALYZER_NONNULL = YES;
				CLANG_ANALYZER_NUMBER_OBJECT_CONVERSION = YES_AGGRESSIVE;
				CLANG_CXX_LANGUAGE_STANDARD = "gnu++20";
				CLANG_ENABLE_MODULES = YES;
				CLANG_ENABLE_OBJC_ARC = YES;
				CLANG_ENABLE_OBJC_WEAK = YES;
				CLANG_WARN_BLOCK_CAPTURE_AUTORELEASING = YES;
				CLANG_WARN_BOOL_CONVERSION = YES;
				CLANG_WARN_COMMA = YES;
				CLANG_WARN_CONSTANT_CONVERSION = YES;
				CLANG_WARN_DEPRECATED_OBJC_IMPLEMENTATIONS = YES;
				CLANG_WARN_DIRECT_OBJC_ISA_USAGE = YES_ERROR;
				CLANG_WARN_DOCUMENTATION_COMMENTS = YES;
				CLANG_WARN_EMPTY_BODY = YES;
				CLANG_WARN_ENUM_CONVERSION = YES;
				CLANG_WARN_INFINITE_RECURSION = YES;
				CLANG_WARN_INT_CONVERSION = YES;
				CLANG_WARN_NON_LITERAL_NULL_CONVERSION = YES;
				CLANG_WARN_OBJC_IMPLICIT_RETAIN_SELF = YES;
				CLANG_WARN_OBJC_LITERAL_CONVERSION = YES;
				CLANG_WARN_OBJC_ROOT_CLASS = YES_ERROR;
				CLANG_WARN_QUOTED_INCLUDE_IN_FRAMEWORK_HEADER = YES;
				CLANG_WARN_RANGE_LOOP_ANALYSIS = YES;
				CLANG_WARN_STRICT_PROTOTYPES = YES;
				CLANG_WARN_SUSPICIOUS_MOVE = YES;
				CLANG_WARN_UNGUARDED_AVAILABILITY = YES_AGGRESSIVE;
				CLANG_WARN_UNREACHABLE_CODE = YES;
				CLANG_WARN__DUPLICATE_METHOD_MATCH = YES;
				COPY_PHASE_STRIP = NO;
				DEBUG_INFORMATION_FORMAT = dwarf;
				ENABLE_STRICT_OBJC_MSGSEND = YES;
				ENABLE_TESTABILITY = YES;
				GCC_C_LANGUAGE_STANDARD = gnu11;
				GCC_DYNAMIC_NO_PIC = NO;
				GCC_NO_COMMON_BLOCKS = YES;
				GCC_OPTIMIZATION_LEVEL = 0;
				GCC_PREPROCESSOR_DEFINITIONS = (
					"DEBUG=1",
					"$(inherited)",
				);
				GCC_WARN_64_TO_32_BIT_CONVERSION = YES;
				GCC_WARN_ABOUT_RETURN_TYPE = YES_ERROR;
				GCC_WARN_UNDECLARED_SELECTOR = YES;
				GCC_WARN_UNINITIALIZED_AUTOS = YES_AGGRESSIVE;
				GCC_WARN_UNUSED_FUNCTION = YES;
				GCC_WARN_UNUSED_VARIABLE = YES;
				IPHONEOS_DEPLOYMENT_TARGET = 16.0;
				MTL_ENABLE_DEBUG_INFO = INCLUDE_SOURCE;
				MTL_FAST_MATH = YES;
				ONLY_ACTIVE_ARCH = YES;
				SDKROOT = iphoneos;
				SWIFT_ACTIVE_COMPILATION_CONDITIONS = DEBUG;
				SWIFT_OPTIMIZATION_LEVEL = "-Onone";
			};
			name = Debug;
		};
		FC6D6AF52902E2E400F26FEB /* Release */ = {
			isa = XCBuildConfiguration;
			buildSettings = {
				ALWAYS_SEARCH_USER_PATHS = NO;
				CLANG_ANALYZER_NONNULL = YES;
				CLANG_ANALYZER_NUMBER_OBJECT_CONVERSION = YES_AGGRESSIVE;
				CLANG_CXX_LANGUAGE_STANDARD = "gnu++20";
				CLANG_ENABLE_MODULES = YES;
				CLANG_ENABLE_OBJC_ARC = YES;
				CLANG_ENABLE_OBJC_WEAK = YES;
				CLANG_WARN_BLOCK_CAPTURE_AUTORELEASING = YES;
				CLANG_WARN_BOOL_CONVERSION = YES;
				CLANG_WARN_COMMA = YES;
				CLANG_WARN_CONSTANT_CONVERSION = YES;
				CLANG_WARN_DEPRECATED_OBJC_IMPLEMENTATIONS = YES;
				CLANG_WARN_DIRECT_OBJC_ISA_USAGE = YES_ERROR;
				CLANG_WARN_DOCUMENTATION_COMMENTS = YES;
				CLANG_WARN_EMPTY_BODY = YES;
				CLANG_WARN_ENUM_CONVERSION = YES;
				CLANG_WARN_INFINITE_RECURSION = YES;
				CLANG_WARN_INT_CONVERSION = YES;
				CLANG_WARN_NON_LITERAL_NULL_CONVERSION = YES;
				CLANG_WARN_OBJC_IMPLICIT_RETAIN_SELF = YES;
				CLANG_WARN_OBJC_LITERAL_CONVERSION = YES;
				CLANG_WARN_OBJC_ROOT_CLASS = YES_ERROR;
				CLANG_WARN_QUOTED_INCLUDE_IN_FRAMEWORK_HEADER = YES;
				CLANG_WARN_RANGE_LOOP_ANALYSIS = YES;
				CLANG_WARN_STRICT_PROTOTYPES = YES;
				CLANG_WARN_SUSPICIOUS_MOVE = YES;
				CLANG_WARN_UNGUARDED_AVAILABILITY = YES_AGGRESSIVE;
				CLANG_WARN_UNREACHABLE_CODE = YES;
				CLANG_WARN__DUPLICATE_METHOD_MATCH = YES;
				COPY_PHASE_STRIP = NO;
				DEBUG_INFORMATION_FORMAT = "dwarf-with-dsym";
				ENABLE_NS_ASSERTIONS = NO;
				ENABLE_STRICT_OBJC_MSGSEND = YES;
				GCC_C_LANGUAGE_STANDARD = gnu11;
				GCC_NO_COMMON_BLOCKS = YES;
				GCC_WARN_64_TO_32_BIT_CONVERSION = YES;
				GCC_WARN_ABOUT_RETURN_TYPE = YES_ERROR;
				GCC_WARN_UNDECLARED_SELECTOR = YES;
				GCC_WARN_UNINITIALIZED_AUTOS = YES_AGGRESSIVE;
				GCC_WARN_UNUSED_FUNCTION = YES;
				GCC_WARN_UNUSED_VARIABLE = YES;
				IPHONEOS_DEPLOYMENT_TARGET = 16.0;
				MTL_ENABLE_DEBUG_INFO = NO;
				MTL_FAST_MATH = YES;
				SDKROOT = iphoneos;
				SWIFT_COMPILATION_MODE = wholemodule;
				SWIFT_OPTIMIZATION_LEVEL = "-O";
				VALIDATE_PRODUCT = YES;
			};
			name = Release;
		};
		FC6D6AF72902E2E400F26FEB /* Debug */ = {
			isa = XCBuildConfiguration;
			buildSettings = {
				ASSETCATALOG_COMPILER_APPICON_NAME = AppIcon;
				ASSETCATALOG_COMPILER_GLOBAL_ACCENT_COLOR_NAME = AccentColor;
				CODE_SIGN_STYLE = Automatic;
				CURRENT_PROJECT_VERSION = 1;
				DEVELOPMENT_TEAM = YHNN4VPXK7;
				GENERATE_INFOPLIST_FILE = YES;
				INFOPLIST_FILE = "Food App/Info.plist";
				INFOPLIST_KEY_UIApplicationSupportsIndirectInputEvents = YES;
				INFOPLIST_KEY_UILaunchStoryboardName = LaunchScreen;
				INFOPLIST_KEY_UIMainStoryboardFile = Main;
				INFOPLIST_KEY_UISupportedInterfaceOrientations_iPad = "UIInterfaceOrientationPortrait UIInterfaceOrientationPortraitUpsideDown UIInterfaceOrientationLandscapeLeft UIInterfaceOrientationLandscapeRight";
				INFOPLIST_KEY_UISupportedInterfaceOrientations_iPhone = "UIInterfaceOrientationPortrait UIInterfaceOrientationLandscapeLeft UIInterfaceOrientationLandscapeRight";
				LD_RUNPATH_SEARCH_PATHS = (
					"$(inherited)",
					"@executable_path/Frameworks",
				);
				MARKETING_VERSION = 1.0;
				PRODUCT_BUNDLE_IDENTIFIER = "com.ahmedtaha.Food-App";
				PRODUCT_NAME = "$(TARGET_NAME)";
				SWIFT_EMIT_LOC_STRINGS = YES;
				SWIFT_VERSION = 5.0;
				TARGETED_DEVICE_FAMILY = "1,2";
			};
			name = Debug;
		};
		FC6D6AF82902E2E400F26FEB /* Release */ = {
			isa = XCBuildConfiguration;
			buildSettings = {
				ASSETCATALOG_COMPILER_APPICON_NAME = AppIcon;
				ASSETCATALOG_COMPILER_GLOBAL_ACCENT_COLOR_NAME = AccentColor;
				CODE_SIGN_STYLE = Automatic;
				CURRENT_PROJECT_VERSION = 1;
				DEVELOPMENT_TEAM = YHNN4VPXK7;
				GENERATE_INFOPLIST_FILE = YES;
				INFOPLIST_FILE = "Food App/Info.plist";
				INFOPLIST_KEY_UIApplicationSupportsIndirectInputEvents = YES;
				INFOPLIST_KEY_UILaunchStoryboardName = LaunchScreen;
				INFOPLIST_KEY_UIMainStoryboardFile = Main;
				INFOPLIST_KEY_UISupportedInterfaceOrientations_iPad = "UIInterfaceOrientationPortrait UIInterfaceOrientationPortraitUpsideDown UIInterfaceOrientationLandscapeLeft UIInterfaceOrientationLandscapeRight";
				INFOPLIST_KEY_UISupportedInterfaceOrientations_iPhone = "UIInterfaceOrientationPortrait UIInterfaceOrientationLandscapeLeft UIInterfaceOrientationLandscapeRight";
				LD_RUNPATH_SEARCH_PATHS = (
					"$(inherited)",
					"@executable_path/Frameworks",
				);
				MARKETING_VERSION = 1.0;
				PRODUCT_BUNDLE_IDENTIFIER = "com.ahmedtaha.Food-App";
				PRODUCT_NAME = "$(TARGET_NAME)";
				SWIFT_EMIT_LOC_STRINGS = YES;
				SWIFT_VERSION = 5.0;
				TARGETED_DEVICE_FAMILY = "1,2";
			};
			name = Release;
		};
		FC6D6AFA2902E2E400F26FEB /* Debug */ = {
			isa = XCBuildConfiguration;
			buildSettings = {
				ALWAYS_EMBED_SWIFT_STANDARD_LIBRARIES = YES;
				BUNDLE_LOADER = "$(TEST_HOST)";
				CODE_SIGN_STYLE = Automatic;
				CURRENT_PROJECT_VERSION = 1;
				DEVELOPMENT_TEAM = YHNN4VPXK7;
				GENERATE_INFOPLIST_FILE = YES;
				IPHONEOS_DEPLOYMENT_TARGET = 16.0;
				MARKETING_VERSION = 1.0;
				PRODUCT_BUNDLE_IDENTIFIER = "com.ahmedtaha.Food-AppTests";
				PRODUCT_NAME = "$(TARGET_NAME)";
				SWIFT_EMIT_LOC_STRINGS = NO;
				SWIFT_VERSION = 5.0;
				TARGETED_DEVICE_FAMILY = "1,2";
				TEST_HOST = "$(BUILT_PRODUCTS_DIR)/Food App.app/$(BUNDLE_EXECUTABLE_FOLDER_PATH)/Food App";
			};
			name = Debug;
		};
		FC6D6AFB2902E2E400F26FEB /* Release */ = {
			isa = XCBuildConfiguration;
			buildSettings = {
				ALWAYS_EMBED_SWIFT_STANDARD_LIBRARIES = YES;
				BUNDLE_LOADER = "$(TEST_HOST)";
				CODE_SIGN_STYLE = Automatic;
				CURRENT_PROJECT_VERSION = 1;
				DEVELOPMENT_TEAM = YHNN4VPXK7;
				GENERATE_INFOPLIST_FILE = YES;
				IPHONEOS_DEPLOYMENT_TARGET = 16.0;
				MARKETING_VERSION = 1.0;
				PRODUCT_BUNDLE_IDENTIFIER = "com.ahmedtaha.Food-AppTests";
				PRODUCT_NAME = "$(TARGET_NAME)";
				SWIFT_EMIT_LOC_STRINGS = NO;
				SWIFT_VERSION = 5.0;
				TARGETED_DEVICE_FAMILY = "1,2";
				TEST_HOST = "$(BUILT_PRODUCTS_DIR)/Food App.app/$(BUNDLE_EXECUTABLE_FOLDER_PATH)/Food App";
			};
			name = Release;
		};
		FC6D6AFD2902E2E400F26FEB /* Debug */ = {
			isa = XCBuildConfiguration;
			buildSettings = {
				ALWAYS_EMBED_SWIFT_STANDARD_LIBRARIES = YES;
				CODE_SIGN_STYLE = Automatic;
				CURRENT_PROJECT_VERSION = 1;
				DEVELOPMENT_TEAM = YHNN4VPXK7;
				GENERATE_INFOPLIST_FILE = YES;
				MARKETING_VERSION = 1.0;
				PRODUCT_BUNDLE_IDENTIFIER = "com.ahmedtaha.Food-AppUITests";
				PRODUCT_NAME = "$(TARGET_NAME)";
				SWIFT_EMIT_LOC_STRINGS = NO;
				SWIFT_VERSION = 5.0;
				TARGETED_DEVICE_FAMILY = "1,2";
				TEST_TARGET_NAME = "Food App";
			};
			name = Debug;
		};
		FC6D6AFE2902E2E400F26FEB /* Release */ = {
			isa = XCBuildConfiguration;
			buildSettings = {
				ALWAYS_EMBED_SWIFT_STANDARD_LIBRARIES = YES;
				CODE_SIGN_STYLE = Automatic;
				CURRENT_PROJECT_VERSION = 1;
				DEVELOPMENT_TEAM = YHNN4VPXK7;
				GENERATE_INFOPLIST_FILE = YES;
				MARKETING_VERSION = 1.0;
				PRODUCT_BUNDLE_IDENTIFIER = "com.ahmedtaha.Food-AppUITests";
				PRODUCT_NAME = "$(TARGET_NAME)";
				SWIFT_EMIT_LOC_STRINGS = NO;
				SWIFT_VERSION = 5.0;
				TARGETED_DEVICE_FAMILY = "1,2";
				TEST_TARGET_NAME = "Food App";
			};
			name = Release;
		};
/* End XCBuildConfiguration section */

/* Begin XCConfigurationList section */
		FC6D6AC42902E2D900F26FEB /* Build configuration list for PBXProject "Food App" */ = {
			isa = XCConfigurationList;
			buildConfigurations = (
				FC6D6AF42902E2E400F26FEB /* Debug */,
				FC6D6AF52902E2E400F26FEB /* Release */,
			);
			defaultConfigurationIsVisible = 0;
			defaultConfigurationName = Release;
		};
		FC6D6AF62902E2E400F26FEB /* Build configuration list for PBXNativeTarget "Food App" */ = {
			isa = XCConfigurationList;
			buildConfigurations = (
				FC6D6AF72902E2E400F26FEB /* Debug */,
				FC6D6AF82902E2E400F26FEB /* Release */,
			);
			defaultConfigurationIsVisible = 0;
			defaultConfigurationName = Release;
		};
		FC6D6AF92902E2E400F26FEB /* Build configuration list for PBXNativeTarget "Food AppTests" */ = {
			isa = XCConfigurationList;
			buildConfigurations = (
				FC6D6AFA2902E2E400F26FEB /* Debug */,
				FC6D6AFB2902E2E400F26FEB /* Release */,
			);
			defaultConfigurationIsVisible = 0;
			defaultConfigurationName = Release;
		};
		FC6D6AFC2902E2E400F26FEB /* Build configuration list for PBXNativeTarget "Food AppUITests" */ = {
			isa = XCConfigurationList;
			buildConfigurations = (
				FC6D6AFD2902E2E400F26FEB /* Debug */,
				FC6D6AFE2902E2E400F26FEB /* Release */,
			);
			defaultConfigurationIsVisible = 0;
			defaultConfigurationName = Release;
		};
/* End XCConfigurationList section */

/* Begin XCVersionGroup section */
		FC6D6AD52902E2D900F26FEB /* Food_App.xcdatamodeld */ = {
			isa = XCVersionGroup;
			children = (
				FC6D6AD62902E2D900F26FEB /* Food_App.xcdatamodel */,
			);
			currentVersion = FC6D6AD62902E2D900F26FEB /* Food_App.xcdatamodel */;
			path = Food_App.xcdatamodeld;
			sourceTree = "<group>";
			versionGroupType = wrapper.xcdatamodel;
		};
/* End XCVersionGroup section */
	};
	rootObject = FC6D6AC12902E2D900F26FEB /* Project object */;
}
